// !$*UTF8*$!
{
	archiveVersion = 1;
	classes = {
	};
	objectVersion = 56;
	objects = {

/* Begin PBXBuildFile section */
		FAD50F8D2CBB601100791058 /* AppDelegate.swift in Sources */ = {isa = PBXBuildFile; fileRef = FAD50F8C2CBB601100791058 /* AppDelegate.swift */; };
		FAD50F8F2CBB601100791058 /* SceneDelegate.swift in Sources */ = {isa = PBXBuildFile; fileRef = FAD50F8E2CBB601100791058 /* SceneDelegate.swift */; };
		FAD50F912CBB601100791058 /* DiceViewController.swift in Sources */ = {isa = PBXBuildFile; fileRef = FAD50F902CBB601100791058 /* DiceViewController.swift */; };
		FAD50F962CBB601300791058 /* Assets.xcassets in Resources */ = {isa = PBXBuildFile; fileRef = FAD50F952CBB601300791058 /* Assets.xcassets */; };
		FAD50FA52CBB60F200791058 /* DiceCell.swift in Sources */ = {isa = PBXBuildFile; fileRef = FAD50FA42CBB60F200791058 /* DiceCell.swift */; };
		FAD50FA72CBB612800791058 /* DiceModel.swift in Sources */ = {isa = PBXBuildFile; fileRef = FAD50FA62CBB612800791058 /* DiceModel.swift */; };
		FAD50FA92CBB613C00791058 /* DiceView.swift in Sources */ = {isa = PBXBuildFile; fileRef = FAD50FA82CBB613C00791058 /* DiceView.swift */; };
		FAD50FAC2CBB62AC00791058 /* SnapKit in Frameworks */ = {isa = PBXBuildFile; productRef = FAD50FAB2CBB62AC00791058 /* SnapKit */; };
/* End PBXBuildFile section */

/* Begin PBXFileReference section */
		FAD50F892CBB601100791058 /* Dice_3st.app */ = {isa = PBXFileReference; explicitFileType = wrapper.application; includeInIndex = 0; path = Dice_3st.app; sourceTree = BUILT_PRODUCTS_DIR; };
		FAD50F8C2CBB601100791058 /* AppDelegate.swift */ = {isa = PBXFileReference; lastKnownFileType = sourcecode.swift; path = AppDelegate.swift; sourceTree = "<group>"; };
		FAD50F8E2CBB601100791058 /* SceneDelegate.swift */ = {isa = PBXFileReference; lastKnownFileType = sourcecode.swift; path = SceneDelegate.swift; sourceTree = "<group>"; };
		FAD50F902CBB601100791058 /* DiceViewController.swift */ = {isa = PBXFileReference; lastKnownFileType = sourcecode.swift; path = DiceViewController.swift; sourceTree = "<group>"; };
		FAD50F952CBB601300791058 /* Assets.xcassets */ = {isa = PBXFileReference; lastKnownFileType = folder.assetcatalog; path = Assets.xcassets; sourceTree = "<group>"; };
		FAD50F9A2CBB601300791058 /* Info.plist */ = {isa = PBXFileReference; lastKnownFileType = text.plist.xml; path = Info.plist; sourceTree = "<group>"; };
		FAD50FA42CBB60F200791058 /* DiceCell.swift */ = {isa = PBXFileReference; lastKnownFileType = sourcecode.swift; path = DiceCell.swift; sourceTree = "<group>"; };
		FAD50FA62CBB612800791058 /* DiceModel.swift */ = {isa = PBXFileReference; lastKnownFileType = sourcecode.swift; path = DiceModel.swift; sourceTree = "<group>"; };
		FAD50FA82CBB613C00791058 /* DiceView.swift */ = {isa = PBXFileReference; lastKnownFileType = sourcecode.swift; path = DiceView.swift; sourceTree = "<group>"; };
/* End PBXFileReference section */

/* Begin PBXFrameworksBuildPhase section */
		FAD50F862CBB601100791058 /* Frameworks */ = {
			isa = PBXFrameworksBuildPhase;
			buildActionMask = 2147483647;
			files = (
				FAD50FAC2CBB62AC00791058 /* SnapKit in Frameworks */,
			);
			runOnlyForDeploymentPostprocessing = 0;
		};
/* End PBXFrameworksBuildPhase section */

/* Begin PBXGroup section */
		FAD50F802CBB601100791058 = {
			isa = PBXGroup;
			children = (
				FAD50F8B2CBB601100791058 /* Dice_3st */,
				FAD50F8A2CBB601100791058 /* Products */,
			);
			sourceTree = "<group>";
		};
		FAD50F8A2CBB601100791058 /* Products */ = {
			isa = PBXGroup;
			children = (
				FAD50F892CBB601100791058 /* Dice_3st.app */,
			);
			name = Products;
			sourceTree = "<group>";
		};
		FAD50F8B2CBB601100791058 /* Dice_3st */ = {
			isa = PBXGroup;
			children = (
				FAD50FA32CBB606900791058 /* Models */,
				FAD50FA22CBB606100791058 /* Cells */,
				FAD50FA12CBB605A00791058 /* ViewControllers */,
				FAD50FA02CBB604D00791058 /* Views */,
				FAD50F8C2CBB601100791058 /* AppDelegate.swift */,
				FAD50F8E2CBB601100791058 /* SceneDelegate.swift */,
				FAD50F952CBB601300791058 /* Assets.xcassets */,
				FAD50F9A2CBB601300791058 /* Info.plist */,
			);
			path = Dice_3st;
			sourceTree = "<group>";
		};
		FAD50FA02CBB604D00791058 /* Views */ = {
			isa = PBXGroup;
			children = (
				FAD50FA82CBB613C00791058 /* DiceView.swift */,
			);
			path = Views;
			sourceTree = "<group>";
		};
		FAD50FA12CBB605A00791058 /* ViewControllers */ = {
			isa = PBXGroup;
			children = (
				FAD50F902CBB601100791058 /* DiceViewController.swift */,
			);
			path = ViewControllers;
			sourceTree = "<group>";
		};
		FAD50FA22CBB606100791058 /* Cells */ = {
			isa = PBXGroup;
			children = (
				FAD50FA42CBB60F200791058 /* DiceCell.swift */,
			);
			path = Cells;
			sourceTree = "<group>";
		};
		FAD50FA32CBB606900791058 /* Models */ = {
			isa = PBXGroup;
			children = (
				FAD50FA62CBB612800791058 /* DiceModel.swift */,
			);
			path = Models;
			sourceTree = "<group>";
		};
/* End PBXGroup section */

/* Begin PBXNativeTarget section */
		FAD50F882CBB601100791058 /* Dice_3st */ = {
			isa = PBXNativeTarget;
			buildConfigurationList = FAD50F9D2CBB601300791058 /* Build configuration list for PBXNativeTarget "Dice_3st" */;
			buildPhases = (
				FAD50F852CBB601100791058 /* Sources */,
				FAD50F862CBB601100791058 /* Frameworks */,
				FAD50F872CBB601100791058 /* Resources */,
			);
			buildRules = (
			);
			dependencies = (
			);
			name = Dice_3st;
			packageProductDependencies = (
				FAD50FAB2CBB62AC00791058 /* SnapKit */,
			);
			productName = Dice_3st;
			productReference = FAD50F892CBB601100791058 /* Dice_3st.app */;
			productType = "com.apple.product-type.application";
		};
/* End PBXNativeTarget section */

/* Begin PBXProject section */
		FAD50F812CBB601100791058 /* Project object */ = {
			isa = PBXProject;
			attributes = {
				BuildIndependentTargetsInParallel = 1;
				LastSwiftUpdateCheck = 1540;
				LastUpgradeCheck = 1540;
				TargetAttributes = {
					FAD50F882CBB601100791058 = {
						CreatedOnToolsVersion = 15.4;
					};
				};
			};
			buildConfigurationList = FAD50F842CBB601100791058 /* Build configuration list for PBXProject "Dice_3st" */;
			compatibilityVersion = "Xcode 14.0";
			developmentRegion = en;
			hasScannedForEncodings = 0;
			knownRegions = (
				en,
				Base,
			);
			mainGroup = FAD50F802CBB601100791058;
			packageReferences = (
				FAD50FAA2CBB62AC00791058 /* XCRemoteSwiftPackageReference "SnapKit" */,
			);
			productRefGroup = FAD50F8A2CBB601100791058 /* Products */;
			projectDirPath = "";
			projectRoot = "";
			targets = (
				FAD50F882CBB601100791058 /* Dice_3st */,
			);
		};
/* End PBXProject section */

/* Begin PBXResourcesBuildPhase section */
		FAD50F872CBB601100791058 /* Resources */ = {
			isa = PBXResourcesBuildPhase;
			buildActionMask = 2147483647;
			files = (
				FAD50F962CBB601300791058 /* Assets.xcassets in Resources */,
			);
			runOnlyForDeploymentPostprocessing = 0;
		};
/* End PBXResourcesBuildPhase section */

/* Begin PBXSourcesBuildPhase section */
		FAD50F852CBB601100791058 /* Sources */ = {
			isa = PBXSourcesBuildPhase;
			buildActionMask = 2147483647;
			files = (
				FAD50F912CBB601100791058 /* DiceViewController.swift in Sources */,
				FAD50FA92CBB613C00791058 /* DiceView.swift in Sources */,
				FAD50F8D2CBB601100791058 /* AppDelegate.swift in Sources */,
				FAD50FA52CBB60F200791058 /* DiceCell.swift in Sources */,
				FAD50F8F2CBB601100791058 /* SceneDelegate.swift in Sources */,
				FAD50FA72CBB612800791058 /* DiceModel.swift in Sources */,
			);
			runOnlyForDeploymentPostprocessing = 0;
		};
/* End PBXSourcesBuildPhase section */

/* Begin XCBuildConfiguration section */
		FAD50F9B2CBB601300791058 /* Debug */ = {
			isa = XCBuildConfiguration;
			buildSettings = {
				ALWAYS_SEARCH_USER_PATHS = NO;
				ASSETCATALOG_COMPILER_GENERATE_SWIFT_ASSET_SYMBOL_EXTENSIONS = YES;
				CLANG_ANALYZER_NONNULL = YES;
				CLANG_ANALYZER_NUMBER_OBJECT_CONVERSION = YES_AGGRESSIVE;
				CLANG_CXX_LANGUAGE_STANDARD = "gnu++20";
				CLANG_ENABLE_MODULES = YES;
				CLANG_ENABLE_OBJC_ARC = YES;
				CLANG_ENABLE_OBJC_WEAK = YES;
				CLANG_WARN_BLOCK_CAPTURE_AUTORELEASING = YES;
				CLANG_WARN_BOOL_CONVERSION = YES;
				CLANG_WARN_COMMA = YES;
				CLANG_WARN_CONSTANT_CONVERSION = YES;
				CLANG_WARN_DEPRECATED_OBJC_IMPLEMENTATIONS = YES;
				CLANG_WARN_DIRECT_OBJC_ISA_USAGE = YES_ERROR;
				CLANG_WARN_DOCUMENTATION_COMMENTS = YES;
				CLANG_WARN_EMPTY_BODY = YES;
				CLANG_WARN_ENUM_CONVERSION = YES;
				CLANG_WARN_INFINITE_RECURSION = YES;
				CLANG_WARN_INT_CONVERSION = YES;
				CLANG_WARN_NON_LITERAL_NULL_CONVERSION = YES;
				CLANG_WARN_OBJC_IMPLICIT_RETAIN_SELF = YES;
				CLANG_WARN_OBJC_LITERAL_CONVERSION = YES;
				CLANG_WARN_OBJC_ROOT_CLASS = YES_ERROR;
				CLANG_WARN_QUOTED_INCLUDE_IN_FRAMEWORK_HEADER = YES;
				CLANG_WARN_RANGE_LOOP_ANALYSIS = YES;
				CLANG_WARN_STRICT_PROTOTYPES = YES;
				CLANG_WARN_SUSPICIOUS_MOVE = YES;
				CLANG_WARN_UNGUARDED_AVAILABILITY = YES_AGGRESSIVE;
				CLANG_WARN_UNREACHABLE_CODE = YES;
				CLANG_WARN__DUPLICATE_METHOD_MATCH = YES;
				COPY_PHASE_STRIP = NO;
				DEBUG_INFORMATION_FORMAT = dwarf;
				ENABLE_STRICT_OBJC_MSGSEND = YES;
				ENABLE_TESTABILITY = YES;
				ENABLE_USER_SCRIPT_SANDBOXING = YES;
				GCC_C_LANGUAGE_STANDARD = gnu17;
				GCC_DYNAMIC_NO_PIC = NO;
				GCC_NO_COMMON_BLOCKS = YES;
				GCC_OPTIMIZATION_LEVEL = 0;
				GCC_PREPROCESSOR_DEFINITIONS = (
					"DEBUG=1",
					"$(inherited)",
				);
				GCC_WARN_64_TO_32_BIT_CONVERSION = YES;
				GCC_WARN_ABOUT_RETURN_TYPE = YES_ERROR;
				GCC_WARN_UNDECLARED_SELECTOR = YES;
				GCC_WARN_UNINITIALIZED_AUTOS = YES_AGGRESSIVE;
				GCC_WARN_UNUSED_FUNCTION = YES;
				GCC_WARN_UNUSED_VARIABLE = YES;
				IPHONEOS_DEPLOYMENT_TARGET = 17.5;
				LOCALIZATION_PREFERS_STRING_CATALOGS = YES;
				MTL_ENABLE_DEBUG_INFO = INCLUDE_SOURCE;
				MTL_FAST_MATH = YES;
				ONLY_ACTIVE_ARCH = YES;
				SDKROOT = iphoneos;
				SWIFT_ACTIVE_COMPILATION_CONDITIONS = "DEBUG $(inherited)";
				SWIFT_OPTIMIZATION_LEVEL = "-Onone";
			};
			name = Debug;
		};
		FAD50F9C2CBB601300791058 /* Release */ = {
			isa = XCBuildConfiguration;
			buildSettings = {
				ALWAYS_SEARCH_USER_PATHS = NO;
				ASSETCATALOG_COMPILER_GENERATE_SWIFT_ASSET_SYMBOL_EXTENSIONS = YES;
				CLANG_ANALYZER_NONNULL = YES;
				CLANG_ANALYZER_NUMBER_OBJECT_CONVERSION = YES_AGGRESSIVE;
				CLANG_CXX_LANGUAGE_STANDARD = "gnu++20";
				CLANG_ENABLE_MODULES = YES;
				CLANG_ENABLE_OBJC_ARC = YES;
				CLANG_ENABLE_OBJC_WEAK = YES;
				CLANG_WARN_BLOCK_CAPTURE_AUTORELEASING = YES;
				CLANG_WARN_BOOL_CONVERSION = YES;
				CLANG_WARN_COMMA = YES;
				CLANG_WARN_CONSTANT_CONVERSION = YES;
				CLANG_WARN_DEPRECATED_OBJC_IMPLEMENTATIONS = YES;
				CLANG_WARN_DIRECT_OBJC_ISA_USAGE = YES_ERROR;
				CLANG_WARN_DOCUMENTATION_COMMENTS = YES;
				CLANG_WARN_EMPTY_BODY = YES;
				CLANG_WARN_ENUM_CONVERSION = YES;
				CLANG_WARN_INFINITE_RECURSION = YES;
				CLANG_WARN_INT_CONVERSION = YES;
				CLANG_WARN_NON_LITERAL_NULL_CONVERSION = YES;
				CLANG_WARN_OBJC_IMPLICIT_RETAIN_SELF = YES;
				CLANG_WARN_OBJC_LITERAL_CONVERSION = YES;
				CLANG_WARN_OBJC_ROOT_CLASS = YES_ERROR;
				CLANG_WARN_QUOTED_INCLUDE_IN_FRAMEWORK_HEADER = YES;
				CLANG_WARN_RANGE_LOOP_ANALYSIS = YES;
				CLANG_WARN_STRICT_PROTOTYPES = YES;
				CLANG_WARN_SUSPICIOUS_MOVE = YES;
				CLANG_WARN_UNGUARDED_AVAILABILITY = YES_AGGRESSIVE;
				CLANG_WARN_UNREACHABLE_CODE = YES;
				CLANG_WARN__DUPLICATE_METHOD_MATCH = YES;
				COPY_PHASE_STRIP = NO;
				DEBUG_INFORMATION_FORMAT = "dwarf-with-dsym";
				ENABLE_NS_ASSERTIONS = NO;
				ENABLE_STRICT_OBJC_MSGSEND = YES;
				ENABLE_USER_SCRIPT_SANDBOXING = YES;
				GCC_C_LANGUAGE_STANDARD = gnu17;
				GCC_NO_COMMON_BLOCKS = YES;
				GCC_WARN_64_TO_32_BIT_CONVERSION = YES;
				GCC_WARN_ABOUT_RETURN_TYPE = YES_ERROR;
				GCC_WARN_UNDECLARED_SELECTOR = YES;
				GCC_WARN_UNINITIALIZED_AUTOS = YES_AGGRESSIVE;
				GCC_WARN_UNUSED_FUNCTION = YES;
				GCC_WARN_UNUSED_VARIABLE = YES;
				IPHONEOS_DEPLOYMENT_TARGET = 17.5;
				LOCALIZATION_PREFERS_STRING_CATALOGS = YES;
				MTL_ENABLE_DEBUG_INFO = NO;
				MTL_FAST_MATH = YES;
				SDKROOT = iphoneos;
				SWIFT_COMPILATION_MODE = wholemodule;
				VALIDATE_PRODUCT = YES;
			};
			name = Release;
		};
		FAD50F9E2CBB601300791058 /* Debug */ = {
			isa = XCBuildConfiguration;
			buildSettings = {
				ASSETCATALOG_COMPILER_APPICON_NAME = AppIcon;
				ASSETCATALOG_COMPILER_GLOBAL_ACCENT_COLOR_NAME = AccentColor;
				CODE_SIGN_STYLE = Automatic;
				CURRENT_PROJECT_VERSION = 1;
				GENERATE_INFOPLIST_FILE = YES;
				INFOPLIST_FILE = Dice_3st/Info.plist;
				INFOPLIST_KEY_UIApplicationSupportsIndirectInputEvents = YES;
				INFOPLIST_KEY_UILaunchStoryboardName = LaunchScreen;
				INFOPLIST_KEY_UISupportedInterfaceOrientations_iPad = "UIInterfaceOrientationPortrait UIInterfaceOrientationPortraitUpsideDown UIInterfaceOrientationLandscapeLeft UIInterfaceOrientationLandscapeRight";
				INFOPLIST_KEY_UISupportedInterfaceOrientations_iPhone = "UIInterfaceOrientationPortrait UIInterfaceOrientationLandscapeLeft UIInterfaceOrientationLandscapeRight";
				LD_RUNPATH_SEARCH_PATHS = (
					"$(inherited)",
					"@executable_path/Frameworks",
				);
				MARKETING_VERSION = 1.0;
				PRODUCT_BUNDLE_IDENTIFIER = "com.minyoy.Dice-3st";
				PRODUCT_NAME = "$(TARGET_NAME)";
				SWIFT_EMIT_LOC_STRINGS = YES;
				SWIFT_VERSION = 5.0;
				TARGETED_DEVICE_FAMILY = "1,2";
			};
			name = Debug;
		};
		FAD50F9F2CBB601300791058 /* Release */ = {
			isa = XCBuildConfiguration;
			buildSettings = {
				ASSETCATALOG_COMPILER_APPICON_NAME = AppIcon;
				ASSETCATALOG_COMPILER_GLOBAL_ACCENT_COLOR_NAME = AccentColor;
				CODE_SIGN_STYLE = Automatic;
				CURRENT_PROJECT_VERSION = 1;
				GENERATE_INFOPLIST_FILE = YES;
				INFOPLIST_FILE = Dice_3st/Info.plist;
				INFOPLIST_KEY_UIApplicationSupportsIndirectInputEvents = YES;
				INFOPLIST_KEY_UILaunchStoryboardName = LaunchScreen;
				INFOPLIST_KEY_UISupportedInterfaceOrientations_iPad = "UIInterfaceOrientationPortrait UIInterfaceOrientationPortraitUpsideDown UIInterfaceOrientationLandscapeLeft UIInterfaceOrientationLandscapeRight";
				INFOPLIST_KEY_UISupportedInterfaceOrientations_iPhone = "UIInterfaceOrientationPortrait UIInterfaceOrientationLandscapeLeft UIInterfaceOrientationLandscapeRight";
				LD_RUNPATH_SEARCH_PATHS = (
					"$(inherited)",
					"@executable_path/Frameworks",
				);
				MARKETING_VERSION = 1.0;
				PRODUCT_BUNDLE_IDENTIFIER = "com.minyoy.Dice-3st";
				PRODUCT_NAME = "$(TARGET_NAME)";
				SWIFT_EMIT_LOC_STRINGS = YES;
				SWIFT_VERSION = 5.0;
				TARGETED_DEVICE_FAMILY = "1,2";
			};
			name = Release;
		};
/* End XCBuildConfiguration section */

/* Begin XCConfigurationList section */
		FAD50F842CBB601100791058 /* Build configuration list for PBXProject "Dice_3st" */ = {
			isa = XCConfigurationList;
			buildConfigurations = (
				FAD50F9B2CBB601300791058 /* Debug */,
				FAD50F9C2CBB601300791058 /* Release */,
			);
			defaultConfigurationIsVisible = 0;
			defaultConfigurationName = Release;
		};
		FAD50F9D2CBB601300791058 /* Build configuration list for PBXNativeTarget "Dice_3st" */ = {
			isa = XCConfigurationList;
			buildConfigurations = (
				FAD50F9E2CBB601300791058 /* Debug */,
				FAD50F9F2CBB601300791058 /* Release */,
			);
			defaultConfigurationIsVisible = 0;
			defaultConfigurationName = Release;
		};
/* End XCConfigurationList section */

/* Begin XCRemoteSwiftPackageReference section */
		FAD50FAA2CBB62AC00791058 /* XCRemoteSwiftPackageReference "SnapKit" */ = {
			isa = XCRemoteSwiftPackageReference;
			repositoryURL = "https://github.com/SnapKit/SnapKit";
			requirement = {
				kind = upToNextMajorVersion;
				minimumVersion = 5.7.1;
			};
		};
/* End XCRemoteSwiftPackageReference section */

/* Begin XCSwiftPackageProductDependency section */
		FAD50FAB2CBB62AC00791058 /* SnapKit */ = {
			isa = XCSwiftPackageProductDependency;
			package = FAD50FAA2CBB62AC00791058 /* XCRemoteSwiftPackageReference "SnapKit" */;
			productName = SnapKit;
		};
/* End XCSwiftPackageProductDependency section */
	};
	rootObject = FAD50F812CBB601100791058 /* Project object */;
}
